{
  "version": 4,
  "terraform_version": "1.13.0",
  "serial": 261,
  "lineage": "a864ea7f-2904-5dd2-a718-93c7a760b1b5",
  "outputs": {
    "vm_ips": {
      "value": {
        "demo-1": "192.168.56.11",
        "demo-2": "192.168.56.12",
        "demo-3": "192.168.56.13"
      },
      "type": [
        "object",
        {
          "demo-1": "string",
          "demo-2": "string",
          "demo-3": "string"
        }
      ]
    }
  },
  "resources": [
    {
      "mode": "managed",
      "type": "libvirt_cloudinit_disk",
      "name": "cidata",
      "provider": "provider[\"registry.terraform.io/dmacvicar/libvirt\"]",
      "instances": [
        {
          "index_key": "1",
          "schema_version": 0,
          "attributes": {
            "id": "/mnt/data/terraform/demo-1-cidata.iso;4cc25300-34cf-460f-9065-710939fb9cd4",
            "meta_data": "",
            "name": "demo-1-cidata.iso",
            "network_config": "version: 2\nethernets:\n  ens3:\n    dhcp4: false\n    addresses:\n      - 192.168.56.11/24\n    gateway4: 192.168.56.1\n    nameservers:\n      addresses:\n        - 8.8.8.8\n        - 1.1.1.1\n",
            "pool": "terraform",
            "user_data": "#cloud-config\nhostname: demo-1\nmanage_etc_hosts: true\nusers:\n  - default\n  - name: ubuntu\n    shell: /bin/bash\n    sudo: ALL=(ALL) NOPASSWD:ALL\n    ssh_authorized_keys:\n      - ssh-rsa AAAAB3NzaC1yc2EAAAADAQABAAABgQDIrkSn3u1Z+Myot0XJdlwOaadcZCnAY+1ThAWcCcrnxeWa35vHj+lPx3M/i48/jwSP6+Df+zD4I5A/B2k8rviGuQDuwUJtTz7Yh1B82l0XuamSMGzmMu5i696MAb+NOU/4YcvCn+Wl8OUP6MbysrRmIoO7BBXLwTNt7iyg/5JL6FfHthLuGFcqKXsbzlqKTLC+NyiznBsv+fIscQEvQeoT1gLOK6nPC4RdVNhfRBqB0xwSDuNTCjxx3s+s3LIBBGE4juIeViCDeJUUKpkMexxXJ0HdBd50HBpFTrrEvnAGPAbMVqEwRcASmtIphQfk3zHydne147srwE6EmsW+mh+kvQw0sTVGlE/tvq/+9qTjr8TbaCChUhz3WQajS9G0zG5sKyGPtPL63yGM1JvXRWJ/CndmmS3TpVNgP/Bg3+wFlxKxj4X/WWxBgxbeMS+lG8t3CqgcIU1khzp7FkhllbYj1Q50BxQ9wKQSp2ergUrLKTnPVCT7JPl2T2Yif4o45B0= alex@alex\n\n\n# đoạn này KHÔNG có #cloud-config\nfs_setup:\n  - label: data\n    filesystem: ext4\n    device: /dev/vdb\n    overwrite: false\n\ngrowpart:\n  mode: auto\n  devices: [\"/\"]\n  ignore_growroot_disabled: false\n\nmounts:\n  - [ /dev/vdb, /data, ext4, \"defaults,nofail\", \"0\", \"2\" ]\n\nruncmd:\n  - [ mkdir, -p, /data ]\n  - [ chown, -R, ubuntu:ubuntu, /data ]\n  - [ mount, -a ]\n  - [ bash, -c, \"growpart /dev/vda 1\" ]\n  - [ bash, -c, \"resize2fs /dev/vda1\" ]\n"
          },
          "sensitive_attributes": [],
          "identity_schema_version": 0,
          "private": "bnVsbA=="
        },
        {
          "index_key": "2",
          "schema_version": 0,
          "attributes": {
            "id": "/mnt/data/terraform/demo-2-cidata.iso;280d94d7-bb36-4454-9719-ca18c1a557e3",
            "meta_data": "",
            "name": "demo-2-cidata.iso",
            "network_config": "version: 2\nethernets:\n  ens3:\n    dhcp4: false\n    addresses:\n      - 192.168.56.12/24\n    gateway4: 192.168.56.1\n    nameservers:\n      addresses:\n        - 8.8.8.8\n        - 1.1.1.1\n",
            "pool": "terraform",
            "user_data": "#cloud-config\nhostname: demo-2\nmanage_etc_hosts: true\nusers:\n  - default\n  - name: ubuntu\n    shell: /bin/bash\n    sudo: ALL=(ALL) NOPASSWD:ALL\n    ssh_authorized_keys:\n      - ssh-rsa AAAAB3NzaC1yc2EAAAADAQABAAABgQDIrkSn3u1Z+Myot0XJdlwOaadcZCnAY+1ThAWcCcrnxeWa35vHj+lPx3M/i48/jwSP6+Df+zD4I5A/B2k8rviGuQDuwUJtTz7Yh1B82l0XuamSMGzmMu5i696MAb+NOU/4YcvCn+Wl8OUP6MbysrRmIoO7BBXLwTNt7iyg/5JL6FfHthLuGFcqKXsbzlqKTLC+NyiznBsv+fIscQEvQeoT1gLOK6nPC4RdVNhfRBqB0xwSDuNTCjxx3s+s3LIBBGE4juIeViCDeJUUKpkMexxXJ0HdBd50HBpFTrrEvnAGPAbMVqEwRcASmtIphQfk3zHydne147srwE6EmsW+mh+kvQw0sTVGlE/tvq/+9qTjr8TbaCChUhz3WQajS9G0zG5sKyGPtPL63yGM1JvXRWJ/CndmmS3TpVNgP/Bg3+wFlxKxj4X/WWxBgxbeMS+lG8t3CqgcIU1khzp7FkhllbYj1Q50BxQ9wKQSp2ergUrLKTnPVCT7JPl2T2Yif4o45B0= alex@alex\n\n\n# đoạn này KHÔNG có #cloud-config\nfs_setup:\n  - label: data\n    filesystem: ext4\n    device: /dev/vdb\n    overwrite: false\n\ngrowpart:\n  mode: auto\n  devices: [\"/\"]\n  ignore_growroot_disabled: false\n\nmounts:\n  - [ /dev/vdb, /data, ext4, \"defaults,nofail\", \"0\", \"2\" ]\n\nruncmd:\n  - [ mkdir, -p, /data ]\n  - [ chown, -R, ubuntu:ubuntu, /data ]\n  - [ mount, -a ]\n  - [ bash, -c, \"growpart /dev/vda 1\" ]\n  - [ bash, -c, \"resize2fs /dev/vda1\" ]\n"
          },
          "sensitive_attributes": [],
          "identity_schema_version": 0,
          "private": "bnVsbA=="
        },
        {
          "index_key": "3",
          "schema_version": 0,
          "attributes": {
            "id": "/mnt/data/terraform/demo-3-cidata.iso;2abb05dc-4f80-411f-8d18-1a037f41c2ab",
            "meta_data": "",
            "name": "demo-3-cidata.iso",
            "network_config": "version: 2\nethernets:\n  ens3:\n    dhcp4: false\n    addresses:\n      - 192.168.56.13/24\n    gateway4: 192.168.56.1\n    nameservers:\n      addresses:\n        - 8.8.8.8\n        - 1.1.1.1\n",
            "pool": "terraform",
            "user_data": "#cloud-config\nhostname: demo-3\nmanage_etc_hosts: true\nusers:\n  - default\n  - name: ubuntu\n    shell: /bin/bash\n    sudo: ALL=(ALL) NOPASSWD:ALL\n    ssh_authorized_keys:\n      - ssh-rsa AAAAB3NzaC1yc2EAAAADAQABAAABgQDIrkSn3u1Z+Myot0XJdlwOaadcZCnAY+1ThAWcCcrnxeWa35vHj+lPx3M/i48/jwSP6+Df+zD4I5A/B2k8rviGuQDuwUJtTz7Yh1B82l0XuamSMGzmMu5i696MAb+NOU/4YcvCn+Wl8OUP6MbysrRmIoO7BBXLwTNt7iyg/5JL6FfHthLuGFcqKXsbzlqKTLC+NyiznBsv+fIscQEvQeoT1gLOK6nPC4RdVNhfRBqB0xwSDuNTCjxx3s+s3LIBBGE4juIeViCDeJUUKpkMexxXJ0HdBd50HBpFTrrEvnAGPAbMVqEwRcASmtIphQfk3zHydne147srwE6EmsW+mh+kvQw0sTVGlE/tvq/+9qTjr8TbaCChUhz3WQajS9G0zG5sKyGPtPL63yGM1JvXRWJ/CndmmS3TpVNgP/Bg3+wFlxKxj4X/WWxBgxbeMS+lG8t3CqgcIU1khzp7FkhllbYj1Q50BxQ9wKQSp2ergUrLKTnPVCT7JPl2T2Yif4o45B0= alex@alex\n\n\n# đoạn này KHÔNG có #cloud-config\nfs_setup:\n  - label: data\n    filesystem: ext4\n    device: /dev/vdb\n    overwrite: false\n\ngrowpart:\n  mode: auto\n  devices: [\"/\"]\n  ignore_growroot_disabled: false\n\nmounts:\n  - [ /dev/vdb, /data, ext4, \"defaults,nofail\", \"0\", \"2\" ]\n\nruncmd:\n  - [ mkdir, -p, /data ]\n  - [ chown, -R, ubuntu:ubuntu, /data ]\n  - [ mount, -a ]\n  - [ bash, -c, \"growpart /dev/vda 1\" ]\n  - [ bash, -c, \"resize2fs /dev/vda1\" ]\n"
          },
          "sensitive_attributes": [],
          "identity_schema_version": 0,
          "private": "bnVsbA=="
        }
      ]
    },
    {
      "mode": "managed",
      "type": "libvirt_domain",
      "name": "vm",
      "provider": "provider[\"registry.terraform.io/dmacvicar/libvirt\"]",
      "instances": [
        {
          "index_key": "1",
          "schema_version": 0,
          "attributes": {
            "arch": "x86_64",
            "autostart": true,
            "boot_device": [],
            "cloudinit": "/mnt/data/terraform/demo-1-cidata.iso;4cc25300-34cf-460f-9065-710939fb9cd4",
            "cmdline": null,
            "console": [
              {
                "source_host": "127.0.0.1",
                "source_path": "",
                "source_service": "0",
                "target_port": "0",
                "target_type": "serial",
                "type": "pty"
              }
            ],
            "coreos_ignition": null,
            "cpu": [
              {
                "mode": "custom"
              }
            ],
            "description": "",
            "disk": [
              {
                "block_device": "",
                "file": "",
                "scsi": false,
                "url": "",
                "volume_id": "/mnt/data/terraform/demo-1.qcow2",
                "wwn": ""
              },
              {
                "block_device": "",
                "file": "",
                "scsi": false,
                "url": "",
                "volume_id": "/mnt/data/terraform/demo-1-data.qcow2",
                "wwn": ""
              }
            ],
            "emulator": "/usr/bin/qemu-system-x86_64",
            "filesystem": [],
            "firmware": null,
            "fw_cfg_name": "opt/com.coreos/config",
            "graphics": [],
            "id": "4b13f4b7-3dc3-4079-8ffb-5b4ce72d92a4",
            "initrd": "",
            "kernel": "",
            "machine": "pc",
            "memory": 4096,
            "metadata": null,
            "name": "demo-1",
            "network_interface": [
              {
                "addresses": [],
                "bridge": "",
                "hostname": "",
                "mac": "52:54:00:6E:6D:8A",
                "macvtap": "",
                "network_id": "3bc9a668-38d0-4d25-b38b-481792b1f147",
                "network_name": "tf-net",
                "passthrough": "",
                "private": "",
                "vepa": "",
                "wait_for_lease": false
              }
            ],
            "nvram": null,
            "qemu_agent": false,
            "running": true,
            "timeouts": null,
            "tpm": [],
            "type": "kvm",
            "vcpu": 2,
            "video": [],
            "xml": []
          },
          "sensitive_attributes": [],
          "identity_schema_version": 0,
          "private": "eyJlMmJmYjczMC1lY2FhLTExZTYtOGY4OC0zNDM2M2JjN2M0YzAiOnsiY3JlYXRlIjozMDAwMDAwMDAwMDB9fQ==",
          "dependencies": [
            "libvirt_cloudinit_disk.cidata",
            "libvirt_network.net",
            "libvirt_volume.data",
            "libvirt_volume.os"
          ]
        },
        {
          "index_key": "2",
          "schema_version": 0,
          "attributes": {
            "arch": "x86_64",
            "autostart": true,
            "boot_device": [],
            "cloudinit": "/mnt/data/terraform/demo-2-cidata.iso;280d94d7-bb36-4454-9719-ca18c1a557e3",
            "cmdline": null,
            "console": [
              {
                "source_host": "127.0.0.1",
                "source_path": "",
                "source_service": "0",
                "target_port": "0",
                "target_type": "serial",
                "type": "pty"
              }
            ],
            "coreos_ignition": null,
            "cpu": [
              {
                "mode": "custom"
              }
            ],
            "description": "",
            "disk": [
              {
                "block_device": "",
                "file": "",
                "scsi": false,
                "url": "",
                "volume_id": "/mnt/data/terraform/demo-2.qcow2",
                "wwn": ""
              },
              {
                "block_device": "",
                "file": "",
                "scsi": false,
                "url": "",
                "volume_id": "/mnt/data/terraform/demo-2-data.qcow2",
                "wwn": ""
              }
            ],
            "emulator": "/usr/bin/qemu-system-x86_64",
            "filesystem": [],
            "firmware": null,
            "fw_cfg_name": "opt/com.coreos/config",
            "graphics": [],
            "id": "b0134449-2a08-4312-b35c-32e7befbc09e",
            "initrd": "",
            "kernel": "",
            "machine": "pc",
            "memory": 4096,
            "metadata": null,
            "name": "demo-2",
            "network_interface": [
              {
                "addresses": [],
                "bridge": "",
                "hostname": "",
                "mac": "52:54:00:3E:13:B8",
                "macvtap": "",
                "network_id": "3bc9a668-38d0-4d25-b38b-481792b1f147",
                "network_name": "tf-net",
                "passthrough": "",
                "private": "",
                "vepa": "",
                "wait_for_lease": false
              }
            ],
            "nvram": null,
            "qemu_agent": false,
            "running": true,
            "timeouts": null,
            "tpm": [],
            "type": "kvm",
            "vcpu": 2,
            "video": [],
            "xml": []
          },
          "sensitive_attributes": [],
          "identity_schema_version": 0,
          "private": "eyJlMmJmYjczMC1lY2FhLTExZTYtOGY4OC0zNDM2M2JjN2M0YzAiOnsiY3JlYXRlIjozMDAwMDAwMDAwMDB9fQ==",
          "dependencies": [
            "libvirt_cloudinit_disk.cidata",
            "libvirt_network.net",
            "libvirt_volume.data",
            "libvirt_volume.os"
          ]
        },
        {
          "index_key": "3",
          "schema_version": 0,
          "attributes": {
            "arch": "x86_64",
            "autostart": true,
            "boot_device": [],
            "cloudinit": "/mnt/data/terraform/demo-3-cidata.iso;2abb05dc-4f80-411f-8d18-1a037f41c2ab",
            "cmdline": null,
            "console": [
              {
                "source_host": "127.0.0.1",
                "source_path": "",
                "source_service": "0",
                "target_port": "0",
                "target_type": "serial",
                "type": "pty"
              }
            ],
            "coreos_ignition": null,
            "cpu": [
              {
                "mode": "custom"
              }
            ],
            "description": "",
            "disk": [
              {
                "block_device": "",
                "file": "",
                "scsi": false,
                "url": "",
                "volume_id": "/mnt/data/terraform/demo-3.qcow2",
                "wwn": ""
              },
              {
                "block_device": "",
                "file": "",
                "scsi": false,
                "url": "",
                "volume_id": "/mnt/data/terraform/demo-3-data.qcow2",
                "wwn": ""
              }
            ],
            "emulator": "/usr/bin/qemu-system-x86_64",
            "filesystem": [],
            "firmware": null,
            "fw_cfg_name": "opt/com.coreos/config",
            "graphics": [],
            "id": "15f134e7-6038-456d-b1c9-0d73f035730b",
            "initrd": "",
            "kernel": "",
            "machine": "pc",
            "memory": 4096,
            "metadata": null,
            "name": "demo-3",
            "network_interface": [
              {
                "addresses": [],
                "bridge": "",
                "hostname": "",
                "mac": "52:54:00:76:A3:40",
                "macvtap": "",
                "network_id": "3bc9a668-38d0-4d25-b38b-481792b1f147",
                "network_name": "tf-net",
                "passthrough": "",
                "private": "",
                "vepa": "",
                "wait_for_lease": false
              }
            ],
            "nvram": null,
            "qemu_agent": false,
            "running": true,
            "timeouts": null,
            "tpm": [],
            "type": "kvm",
            "vcpu": 2,
            "video": [],
            "xml": []
          },
          "sensitive_attributes": [],
          "identity_schema_version": 0,
          "private": "eyJlMmJmYjczMC1lY2FhLTExZTYtOGY4OC0zNDM2M2JjN2M0YzAiOnsiY3JlYXRlIjozMDAwMDAwMDAwMDB9fQ==",
          "dependencies": [
            "libvirt_cloudinit_disk.cidata",
            "libvirt_network.net",
            "libvirt_volume.data",
            "libvirt_volume.os"
          ]
        }
      ]
    },
    {
      "mode": "managed",
      "type": "libvirt_network",
      "name": "net",
      "provider": "provider[\"registry.terraform.io/dmacvicar/libvirt\"]",
      "instances": [
        {
          "schema_version": 0,
          "attributes": {
            "addresses": [
              "192.168.56.0/24"
            ],
            "autostart": true,
            "bridge": "virbr2",
            "dhcp": [
              {
                "enabled": false
              }
            ],
            "dns": null,
            "dnsmasq_options": [],
            "domain": null,
            "id": "3bc9a668-38d0-4d25-b38b-481792b1f147",
            "mode": "nat",
            "mtu": null,
            "name": "tf-net",
            "routes": [],
            "xml": []
          },
          "sensitive_attributes": [],
          "identity_schema_version": 0,
          "private": "bnVsbA=="
        }
      ]
    },
    {
      "mode": "managed",
      "type": "libvirt_volume",
      "name": "data",
      "provider": "provider[\"registry.terraform.io/dmacvicar/libvirt\"]",
      "instances": [
        {
          "index_key": "1",
          "schema_version": 0,
          "attributes": {
            "base_volume_id": null,
            "base_volume_name": null,
            "base_volume_pool": null,
            "format": "qcow2",
            "id": "/mnt/data/terraform/demo-1-data.qcow2",
            "name": "demo-1-data.qcow2",
            "pool": "terraform",
            "size": 322122547200,
            "source": null,
            "xml": []
          },
          "sensitive_attributes": [],
          "identity_schema_version": 0,
          "private": "bnVsbA=="
        },
        {
          "index_key": "2",
          "schema_version": 0,
          "attributes": {
            "base_volume_id": null,
            "base_volume_name": null,
            "base_volume_pool": null,
            "format": "qcow2",
            "id": "/mnt/data/terraform/demo-2-data.qcow2",
            "name": "demo-2-data.qcow2",
            "pool": "terraform",
            "size": 322122547200,
            "source": null,
            "xml": []
          },
          "sensitive_attributes": [],
          "identity_schema_version": 0,
          "private": "bnVsbA=="
        },
        {
          "index_key": "3",
          "schema_version": 0,
          "attributes": {
            "base_volume_id": null,
            "base_volume_name": null,
            "base_volume_pool": null,
            "format": "qcow2",
            "id": "/mnt/data/terraform/demo-3-data.qcow2",
            "name": "demo-3-data.qcow2",
            "pool": "terraform",
            "size": 322122547200,
            "source": null,
            "xml": []
          },
          "sensitive_attributes": [],
          "identity_schema_version": 0,
          "private": "bnVsbA=="
        }
      ]
    },
    {
      "mode": "managed",
      "type": "libvirt_volume",
      "name": "os",
      "provider": "provider[\"registry.terraform.io/dmacvicar/libvirt\"]",
      "instances": [
        {
          "index_key": "1",
          "schema_version": 0,
          "attributes": {
            "base_volume_id": null,
            "base_volume_name": null,
            "base_volume_pool": null,
            "format": "qcow2",
            "id": "/mnt/data/terraform/demo-1.qcow2",
            "name": "demo-1.qcow2",
            "pool": "terraform",
            "size": 3758096384,
            "source": "/mnt/data/terraform/images/ubuntu-24.04-server-cloudimg-amd64.img",
            "xml": []
          },
          "sensitive_attributes": [],
          "identity_schema_version": 0,
          "private": "bnVsbA=="
        },
        {
          "index_key": "2",
          "schema_version": 0,
          "attributes": {
            "base_volume_id": null,
            "base_volume_name": null,
            "base_volume_pool": null,
            "format": "qcow2",
            "id": "/mnt/data/terraform/demo-2.qcow2",
            "name": "demo-2.qcow2",
            "pool": "terraform",
            "size": 3758096384,
            "source": "/mnt/data/terraform/images/ubuntu-24.04-server-cloudimg-amd64.img",
            "xml": []
          },
          "sensitive_attributes": [],
          "identity_schema_version": 0,
          "private": "bnVsbA=="
        },
        {
          "index_key": "3",
          "schema_version": 0,
          "attributes": {
            "base_volume_id": null,
            "base_volume_name": null,
            "base_volume_pool": null,
            "format": "qcow2",
            "id": "/mnt/data/terraform/demo-3.qcow2",
            "name": "demo-3.qcow2",
            "pool": "terraform",
            "size": 3758096384,
            "source": "/mnt/data/terraform/images/ubuntu-24.04-server-cloudimg-amd64.img",
            "xml": []
          },
          "sensitive_attributes": [],
          "identity_schema_version": 0,
          "private": "bnVsbA=="
        }
      ]
    }
  ],
  "check_results": [
    {
      "object_kind": "var",
      "config_addr": "var.vm_count",
      "status": "pass",
      "objects": [
        {
          "object_addr": "var.vm_count",
          "status": "pass"
        }
      ]
    },
    {
      "object_kind": "var",
      "config_addr": "var.subnet_cidr",
      "status": "pass",
      "objects": [
        {
          "object_addr": "var.subnet_cidr",
          "status": "pass"
        }
      ]
    }
  ]
}
